
Microsoft Visual Studio Solution File, Format Version 12.00
# Visual Studio Version 17
VisualStudioVersion = 17.14.36603.0
MinimumVisualStudioVersion = 10.0.40219.1
Project("{FAE04EC0-301F-11D3-BF4B-00C04F79EFBC}") = "SWGTeam", "SWGTeam\SWGTeam.csproj", "{505C8E44-E3B7-4434-8AA7-CFC380B2B5D4}"
EndProject
Project("{FAE04EC0-301F-11D3-BF4B-00C04F79EFBC}") = "Mohit", "Mohit\Mohit.csproj", "{3591D664-0C78-4B73-A56E-18985B044C50}"
EndProject
Project("{2150E333-8FDC-42A3-9474-1A3956D46DE8}") = "Sukhi", "Sukhi", "{02EA681E-C7D8-13C7-8484-4AC65E1B71E8}"
EndProject
Project("{FAE04EC0-301F-11D3-BF4B-00C04F79EFBC}") = "Sukhi_1", "..\Automation\Automation\Sukhi_1.csproj", "{11366624-2750-FC49-E313-D804F60626ED}"
EndProject
Project("{FAE04EC0-301F-11D3-BF4B-00C04F79EFBC}") = "Sukhi_2", "..\Automation\Automation_1\Sukhi_2.csproj", "{14EEE40F-F733-F802-37AE-ACF1B2FD4A74}"
EndProject
Global
	GlobalSection(SolutionConfigurationPlatforms) = preSolution
		Debug|Any CPU = Debug|Any CPU
		Release|Any CPU = Release|Any CPU
	EndGlobalSection
	GlobalSection(ProjectConfigurationPlatforms) = postSolution
		{505C8E44-E3B7-4434-8AA7-CFC380B2B5D4}.Debug|Any CPU.ActiveCfg = Debug|Any CPU
		{505C8E44-E3B7-4434-8AA7-CFC380B2B5D4}.Debug|Any CPU.Build.0 = Debug|Any CPU
		{505C8E44-E3B7-4434-8AA7-CFC380B2B5D4}.Release|Any CPU.ActiveCfg = Release|Any CPU
		{505C8E44-E3B7-4434-8AA7-CFC380B2B5D4}.Release|Any CPU.Build.0 = Release|Any CPU
		{3591D664-0C78-4B73-A56E-18985B044C50}.Debug|Any CPU.ActiveCfg = Debug|Any CPU
		{3591D664-0C78-4B73-A56E-18985B044C50}.Debug|Any CPU.Build.0 = Debug|Any CPU
		{3591D664-0C78-4B73-A56E-18985B044C50}.Release|Any CPU.ActiveCfg = Release|Any CPU
		{3591D664-0C78-4B73-A56E-18985B044C50}.Release|Any CPU.Build.0 = Release|Any CPU
		{11366624-2750-FC49-E313-D804F60626ED}.Debug|Any CPU.ActiveCfg = Debug|Any CPU
		{11366624-2750-FC49-E313-D804F60626ED}.Debug|Any CPU.Build.0 = Debug|Any CPU
		{11366624-2750-FC49-E313-D804F60626ED}.Release|Any CPU.ActiveCfg = Release|Any CPU
		{11366624-2750-FC49-E313-D804F60626ED}.Release|Any CPU.Build.0 = Release|Any CPU
		{14EEE40F-F733-F802-37AE-ACF1B2FD4A74}.Debug|Any CPU.ActiveCfg = Debug|Any CPU
		{14EEE40F-F733-F802-37AE-ACF1B2FD4A74}.Debug|Any CPU.Build.0 = Debug|Any CPU
		{14EEE40F-F733-F802-37AE-ACF1B2FD4A74}.Release|Any CPU.ActiveCfg = Release|Any CPU
		{14EEE40F-F733-F802-37AE-ACF1B2FD4A74}.Release|Any CPU.Build.0 = Release|Any CPU
	EndGlobalSection
	GlobalSection(SolutionProperties) = preSolution
		HideSolutionNode = FALSE
	EndGlobalSection
	GlobalSection(NestedProjects) = preSolution
		{11366624-2750-FC49-E313-D804F60626ED} = {02EA681E-C7D8-13C7-8484-4AC65E1B71E8}
		{14EEE40F-F733-F802-37AE-ACF1B2FD4A74} = {02EA681E-C7D8-13C7-8484-4AC65E1B71E8}
	EndGlobalSection
	GlobalSection(ExtensibilityGlobals) = postSolution
		SolutionGuid = {E5B32737-249B-4803-9E57-73C0BCCB4D68}
	EndGlobalSection
EndGlobal
