
Microsoft Visual Studio Solution File, Format Version 12.00
# Visual Studio Version 17
VisualStudioVersion = 17.14.36603.0
MinimumVisualStudioVersion = 10.0.40219.1
Project("{FAE04EC0-301F-11D3-BF4B-00C04F79EFBC}") = "SWGTeam", "SWGTeam\SWGTeam.csproj", "{505C8E44-E3B7-4434-8AA7-CFC380B2B5D4}"
	ProjectSection(ProjectDependencies) = postProject
		{27E812C1-2728-9B5F-681E-8FC80B3FBB09} = {27E812C1-2728-9B5F-681E-8FC80B3FBB09}
		{709FA928-0F65-8FF3-02E2-7BC8282BA5C3} = {709FA928-0F65-8FF3-02E2-7BC8282BA5C3}
	EndProjectSection
EndProject
Project("{FAE04EC0-301F-11D3-BF4B-00C04F79EFBC}") = "Mohit", "Mohit\Mohit.csproj", "{3591D664-0C78-4B73-A56E-18985B044C50}"
EndProject
Project("{FAE04EC0-301F-11D3-BF4B-00C04F79EFBC}") = "Sukhi_1", "Automation\Sukhi_1.csproj", "{709FA928-0F65-8FF3-02E2-7BC8282BA5C3}"
EndProject
Project("{FAE04EC0-301F-11D3-BF4B-00C04F79EFBC}") = "Sukhi_2", "Automation_1\Sukhi_2.csproj", "{27E812C1-2728-9B5F-681E-8FC80B3FBB09}"
EndProject
Global
	GlobalSection(SolutionConfigurationPlatforms) = preSolution
		Debug|Any CPU = Debug|Any CPU
		Release|Any CPU = Release|Any CPU
	EndGlobalSection
	GlobalSection(ProjectConfigurationPlatforms) = postSolution
		{505C8E44-E3B7-4434-8AA7-CFC380B2B5D4}.Debug|Any CPU.ActiveCfg = Debug|Any CPU
		{505C8E44-E3B7-4434-8AA7-CFC380B2B5D4}.Debug|Any CPU.Build.0 = Debug|Any CPU
		{505C8E44-E3B7-4434-8AA7-CFC380B2B5D4}.Release|Any CPU.ActiveCfg = Release|Any CPU
		{505C8E44-E3B7-4434-8AA7-CFC380B2B5D4}.Release|Any CPU.Build.0 = Release|Any CPU
		{3591D664-0C78-4B73-A56E-18985B044C50}.Debug|Any CPU.ActiveCfg = Debug|Any CPU
		{3591D664-0C78-4B73-A56E-18985B044C50}.Debug|Any CPU.Build.0 = Debug|Any CPU
		{3591D664-0C78-4B73-A56E-18985B044C50}.Release|Any CPU.ActiveCfg = Release|Any CPU
		{3591D664-0C78-4B73-A56E-18985B044C50}.Release|Any CPU.Build.0 = Release|Any CPU
		{709FA928-0F65-8FF3-02E2-7BC8282BA5C3}.Debug|Any CPU.ActiveCfg = Debug|Any CPU
		{709FA928-0F65-8FF3-02E2-7BC8282BA5C3}.Debug|Any CPU.Build.0 = Debug|Any CPU
		{709FA928-0F65-8FF3-02E2-7BC8282BA5C3}.Release|Any CPU.ActiveCfg = Release|Any CPU
		{709FA928-0F65-8FF3-02E2-7BC8282BA5C3}.Release|Any CPU.Build.0 = Release|Any CPU
		{27E812C1-2728-9B5F-681E-8FC80B3FBB09}.Debug|Any CPU.ActiveCfg = Debug|Any CPU
		{27E812C1-2728-9B5F-681E-8FC80B3FBB09}.Debug|Any CPU.Build.0 = Debug|Any CPU
		{27E812C1-2728-9B5F-681E-8FC80B3FBB09}.Release|Any CPU.ActiveCfg = Release|Any CPU
		{27E812C1-2728-9B5F-681E-8FC80B3FBB09}.Release|Any CPU.Build.0 = Release|Any CPU
	EndGlobalSection
	GlobalSection(SolutionProperties) = preSolution
		HideSolutionNode = FALSE
	EndGlobalSection
	GlobalSection(ExtensibilityGlobals) = postSolution
		SolutionGuid = {E5B32737-249B-4803-9E57-73C0BCCB4D68}
	EndGlobalSection
EndGlobal
